{
  "name": "@jsrsc/hellorust",
  "version": "0.1.12",
  "lockfileVersion": 2,
  "requires": true,
  "packages": {
    "": {
      "name": "@jsrsc/hellorust",
      "version": "0.1.12",
      "cpu": [
        "x64",
        "arm64"
      ],
      "license": "ISC",
      "os": [
        "linux",
        "darwin"
      ],
      "devDependencies": {
        "husky": "^7.0.1"
      },
      "optionalDependencies": {
        "@jsrsc/hellorust-darwin-arm64": "^0.1.0",
        "@jsrsc/hellorust-linux-arm64": "^0.1.0"
      }
    },
    "node_modules/@jsrsc/hellorust-darwin-arm64": {
      "version": "0.1.2",
      "resolved": "https://registry.npmjs.org/@jsrsc/hellorust-darwin-arm64/-/hellorust-darwin-arm64-0.1.2.tgz",
      "integrity": "sha512-tnwU8171tHfIcqAIpnpqfywLQ5reb1sjq6EzXYMLZJBtVlz8StpkctwavYzP6nwvXO2UeaHReZ4ifRl8LQHkyQ==",
      "cpu": [
        "arm64"
      ],
      "optional": true,
      "os": [
        "darwin"
      ]
    },
    "node_modules/@jsrsc/hellorust-linux-arm64": {
      "version": "0.1.2",
      "resolved": "https://registry.npmjs.org/@jsrsc/hellorust-linux-arm64/-/hellorust-linux-arm64-0.1.2.tgz",
      "integrity": "sha512-uMVGz11DKjbJqU1QwpBv8feHhwZFrexfcCWzwmVi7k4QQaFKn3BVXTW1iwMS4DzTcK3WctX7e44m4BELYRgoCg==",
      "cpu": [
        "arm64"
      ],
      "optional": true,
      "os": [
        "linux"
      ]
    },
    "node_modules/husky": {
      "version": "7.0.1",
      "resolved": "https://registry.npmjs.org/husky/-/husky-7.0.1.tgz",
      "integrity": "sha512-gceRaITVZ+cJH9sNHqx5tFwbzlLCVxtVZcusME8JYQ8Edy5mpGDOqD8QBCdMhpyo9a+JXddnujQ4rpY2Ff9SJA==",
      "dev": true,
      "bin": {
        "husky": "lib/bin.js"
      },
      "engines": {
        "node": ">=12"
      },
      "funding": {
        "url": "https://github.com/sponsors/typicode"
      }
    }
  },
  "dependencies": {
    "@jsrsc/hellorust-darwin-arm64": {
      "version": "0.1.2",
      "resolved": "https://registry.npmjs.org/@jsrsc/hellorust-darwin-arm64/-/hellorust-darwin-arm64-0.1.2.tgz",
      "integrity": "sha512-tnwU8171tHfIcqAIpnpqfywLQ5reb1sjq6EzXYMLZJBtVlz8StpkctwavYzP6nwvXO2UeaHReZ4ifRl8LQHkyQ==",
      "optional": true
    },
    "@jsrsc/hellorust-linux-arm64": {
      "version": "0.1.2",
      "resolved": "https://registry.npmjs.org/@jsrsc/hellorust-linux-arm64/-/hellorust-linux-arm64-0.1.2.tgz",
      "integrity": "sha512-uMVGz11DKjbJqU1QwpBv8feHhwZFrexfcCWzwmVi7k4QQaFKn3BVXTW1iwMS4DzTcK3WctX7e44m4BELYRgoCg==",
      "optional": true
    },
    "husky": {
      "version": "7.0.1",
      "resolved": "https://registry.npmjs.org/husky/-/husky-7.0.1.tgz",
      "integrity": "sha512-gceRaITVZ+cJH9sNHqx5tFwbzlLCVxtVZcusME8JYQ8Edy5mpGDOqD8QBCdMhpyo9a+JXddnujQ4rpY2Ff9SJA==",
      "dev": true
    }
  }
}
